
Microsoft Visual Studio Solution File, Format Version 12.00
# Visual Studio Version 17
VisualStudioVersion = 17.2.32602.215
MinimumVisualStudioVersion = 10.0.40219.1
Project("{FAE04EC0-301F-11D3-BF4B-00C04F79EFBC}") = "WebApplication20200", "WebApplication20200.csproj", "{AE142A39-D962-496B-B630-0C377D0137B1}"
EndProject
Global
	GlobalSection(SolutionConfigurationPlatforms) = preSolution
		Debug|Any CPU = Debug|Any CPU
		Release|Any CPU = Release|Any CPU
	EndGlobalSection
	GlobalSection(ProjectConfigurationPlatforms) = postSolution
		{AE142A39-D962-496B-B630-0C377D0137B1}.Debug|Any CPU.ActiveCfg = Debug|Any CPU
		{AE142A39-D962-496B-B630-0C377D0137B1}.Debug|Any CPU.Build.0 = Debug|Any CPU
		{AE142A39-D962-496B-B630-0C377D0137B1}.Release|Any CPU.ActiveCfg = Release|Any CPU
		{AE142A39-D962-496B-B630-0C377D0137B1}.Release|Any CPU.Build.0 = Release|Any CPU
	EndGlobalSection
	GlobalSection(SolutionProperties) = preSolution
		HideSolutionNode = FALSE
	EndGlobalSection
	GlobalSection(ExtensibilityGlobals) = postSolution
		SolutionGuid = {AC7CFE9A-1D28-4C30-949E-4773455B6AB8}
	EndGlobalSection
EndGlobal
